
Microsoft Visual Studio Solution File, Format Version 12.00
# Visual Studio 2012
Project("{FAE04EC0-301F-11D3-BF4B-00C04F79EFBC}") = "1_pcap_findalldevs_ex", "1_pcap_findalldevs_ex\1_pcap_findalldevs_ex.csproj", "{198A1E5F-7CBA-4406-8C0A-3CD0E995B6F8}"
	ProjectSection(ProjectDependencies) = postProject
		{99A55436-D87F-41B6-83F5-CC17DE5F0647} = {99A55436-D87F-41B6-83F5-CC17DE5F0647}
	EndProjectSection
EndProject
Project("{FAE04EC0-301F-11D3-BF4B-00C04F79EFBC}") = "WinPcap", "..\WinPcap\WinPcap.csproj", "{99A55436-D87F-41B6-83F5-CC17DE5F0647}"
EndProject
Global
	GlobalSection(SolutionConfigurationPlatforms) = preSolution
		Debug|Any CPU = Debug|Any CPU
		Release|Any CPU = Release|Any CPU
	EndGlobalSection
	GlobalSection(ProjectConfigurationPlatforms) = postSolution
		{198A1E5F-7CBA-4406-8C0A-3CD0E995B6F8}.Debug|Any CPU.ActiveCfg = Debug|Any CPU
		{198A1E5F-7CBA-4406-8C0A-3CD0E995B6F8}.Debug|Any CPU.Build.0 = Debug|Any CPU
		{198A1E5F-7CBA-4406-8C0A-3CD0E995B6F8}.Release|Any CPU.ActiveCfg = Release|Any CPU
		{198A1E5F-7CBA-4406-8C0A-3CD0E995B6F8}.Release|Any CPU.Build.0 = Release|Any CPU
		{99A55436-D87F-41B6-83F5-CC17DE5F0647}.Debug|Any CPU.ActiveCfg = Debug|Any CPU
		{99A55436-D87F-41B6-83F5-CC17DE5F0647}.Debug|Any CPU.Build.0 = Debug|Any CPU
		{99A55436-D87F-41B6-83F5-CC17DE5F0647}.Release|Any CPU.ActiveCfg = Release|Any CPU
		{99A55436-D87F-41B6-83F5-CC17DE5F0647}.Release|Any CPU.Build.0 = Release|Any CPU
	EndGlobalSection
	GlobalSection(SolutionProperties) = preSolution
		HideSolutionNode = FALSE
	EndGlobalSection
EndGlobal
